
Microsoft Visual Studio Solution File, Format Version 12.00
# Visual Studio Version 17
VisualStudioVersion = 17.8.34511.84
MinimumVisualStudioVersion = 10.0.40219.1
Project("{888888A0-9F3D-457C-B088-3A5042F75D52}") = "PySparkMethod", "PySparkMethod\PySparkMethod.pyproj", "{7C3B3D6F-DC38-49D4-8654-76A4A51B08F7}"
EndProject
Global
	GlobalSection(SolutionConfigurationPlatforms) = preSolution
		Debug|Any CPU = Debug|Any CPU
		Release|Any CPU = Release|Any CPU
	EndGlobalSection
	GlobalSection(ProjectConfigurationPlatforms) = postSolution
		{7C3B3D6F-DC38-49D4-8654-76A4A51B08F7}.Debug|Any CPU.ActiveCfg = Debug|Any CPU
		{7C3B3D6F-DC38-49D4-8654-76A4A51B08F7}.Release|Any CPU.ActiveCfg = Release|Any CPU
	EndGlobalSection
	GlobalSection(SolutionProperties) = preSolution
		HideSolutionNode = FALSE
	EndGlobalSection
	GlobalSection(ExtensibilityGlobals) = postSolution
		SolutionGuid = {AED8514D-F5CD-4FF0-8112-425A88C5C95C}
	EndGlobalSection
EndGlobal
